
Microsoft Visual Studio Solution File, Format Version 12.00
# Visual Studio Version 17
VisualStudioVersion = 17.2.32526.322
MinimumVisualStudioVersion = 10.0.40219.1
Project("{FAE04EC0-301F-11D3-BF4B-00C04F79EFBC}") = "Tex", "Tex.csproj", "{541D1FBE-6377-4F6A-AFB3-3FC085B1A909}"
EndProject
Global
	GlobalSection(SolutionConfigurationPlatforms) = preSolution
		Debug|Any CPU = Debug|Any CPU
		Release|Any CPU = Release|Any CPU
	EndGlobalSection
	GlobalSection(ProjectConfigurationPlatforms) = postSolution
		{541D1FBE-6377-4F6A-AFB3-3FC085B1A909}.Debug|Any CPU.ActiveCfg = Debug|Any CPU
		{541D1FBE-6377-4F6A-AFB3-3FC085B1A909}.Debug|Any CPU.Build.0 = Debug|Any CPU
		{541D1FBE-6377-4F6A-AFB3-3FC085B1A909}.Release|Any CPU.ActiveCfg = Release|Any CPU
		{541D1FBE-6377-4F6A-AFB3-3FC085B1A909}.Release|Any CPU.Build.0 = Release|Any CPU
	EndGlobalSection
	GlobalSection(SolutionProperties) = preSolution
		HideSolutionNode = FALSE
	EndGlobalSection
	GlobalSection(ExtensibilityGlobals) = postSolution
		SolutionGuid = {C5B9C24E-8486-4DB5-8516-F73EACDF2AF8}
	EndGlobalSection
EndGlobal
